
Microsoft Visual Studio Solution File, Format Version 12.00
# Visual Studio Version 16
VisualStudioVersion = 16.0.31829.152
MinimumVisualStudioVersion = 10.0.40219.1
Project("{FAE04EC0-301F-11D3-BF4B-00C04F79EFBC}") = "C-sharp-Static-Fielads-and-meyhods", "C-sharp-Static-Fielads-and-meyhods.csproj", "{2830FF89-8E2C-4804-96CB-660D3A9D28ED}"
EndProject
Global
	GlobalSection(SolutionConfigurationPlatforms) = preSolution
		Debug|Any CPU = Debug|Any CPU
		Release|Any CPU = Release|Any CPU
	EndGlobalSection
	GlobalSection(ProjectConfigurationPlatforms) = postSolution
		{2830FF89-8E2C-4804-96CB-660D3A9D28ED}.Debug|Any CPU.ActiveCfg = Debug|Any CPU
		{2830FF89-8E2C-4804-96CB-660D3A9D28ED}.Debug|Any CPU.Build.0 = Debug|Any CPU
		{2830FF89-8E2C-4804-96CB-660D3A9D28ED}.Release|Any CPU.ActiveCfg = Release|Any CPU
		{2830FF89-8E2C-4804-96CB-660D3A9D28ED}.Release|Any CPU.Build.0 = Release|Any CPU
	EndGlobalSection
	GlobalSection(SolutionProperties) = preSolution
		HideSolutionNode = FALSE
	EndGlobalSection
	GlobalSection(ExtensibilityGlobals) = postSolution
		SolutionGuid = {76A3A0DD-21ED-44C2-972F-EE2301233863}
	EndGlobalSection
EndGlobal
